
Microsoft Visual Studio Solution File, Format Version 12.00
# Visual Studio Version 17
VisualStudioVersion = 17.5.33516.290
MinimumVisualStudioVersion = 10.0.40219.1
Project("{FAE04EC0-301F-11D3-BF4B-00C04F79EFBC}") = "NameSorter", "NameSorter\NameSorter.csproj", "{7AE9FD47-D19F-45A7-9A0F-1CBC9929A17D}"
EndProject
Project("{FAE04EC0-301F-11D3-BF4B-00C04F79EFBC}") = "NameSorter.Tests", "NameSorter.Tests\NameSorter.Tests.csproj", "{D410E78D-156D-476B-8FCB-551433B0D73E}"
EndProject
Global
	GlobalSection(SolutionConfigurationPlatforms) = preSolution
		Debug|Any CPU = Debug|Any CPU
		Release|Any CPU = Release|Any CPU
	EndGlobalSection
	GlobalSection(ProjectConfigurationPlatforms) = postSolution
		{7AE9FD47-D19F-45A7-9A0F-1CBC9929A17D}.Debug|Any CPU.ActiveCfg = Debug|Any CPU
		{7AE9FD47-D19F-45A7-9A0F-1CBC9929A17D}.Debug|Any CPU.Build.0 = Debug|Any CPU
		{7AE9FD47-D19F-45A7-9A0F-1CBC9929A17D}.Release|Any CPU.ActiveCfg = Release|Any CPU
		{7AE9FD47-D19F-45A7-9A0F-1CBC9929A17D}.Release|Any CPU.Build.0 = Release|Any CPU
		{D410E78D-156D-476B-8FCB-551433B0D73E}.Debug|Any CPU.ActiveCfg = Debug|Any CPU
		{D410E78D-156D-476B-8FCB-551433B0D73E}.Debug|Any CPU.Build.0 = Debug|Any CPU
		{D410E78D-156D-476B-8FCB-551433B0D73E}.Release|Any CPU.ActiveCfg = Release|Any CPU
		{D410E78D-156D-476B-8FCB-551433B0D73E}.Release|Any CPU.Build.0 = Release|Any CPU
	EndGlobalSection
	GlobalSection(SolutionProperties) = preSolution
		HideSolutionNode = FALSE
	EndGlobalSection
	GlobalSection(ExtensibilityGlobals) = postSolution
		SolutionGuid = {C1FA34FE-B132-4CA3-95F4-B93F8FD69451}
	EndGlobalSection
EndGlobal
